
Microsoft Visual Studio Solution File, Format Version 12.00
# Visual Studio Version 16
VisualStudioVersion = 16.0.31729.503
MinimumVisualStudioVersion = 10.0.40219.1
Project("{9A19103F-16F7-4668-BE54-9A1E7A4F7556}") = "Metotlar", "Metotlar\Metotlar.csproj", "{033597EF-7DF7-4A46-8202-FF4E58C7BA96}"
EndProject
Project("{9A19103F-16F7-4668-BE54-9A1E7A4F7556}") = "DegerVeReferansTipler", "DegerVeReferansTipler\DegerVeReferansTipler.csproj", "{FF8575CB-11C6-4BCA-A63D-9CCEE740A221}"
EndProject
Project("{FAE04EC0-301F-11D3-BF4B-00C04F79EFBC}") = "ClassMetotDemo", "ClassMetotDemo\ClassMetotDemo.csproj", "{E9A6D7E2-C743-4982-8D89-34391E6D86FA}"
EndProject
Global
	GlobalSection(SolutionConfigurationPlatforms) = preSolution
		Debug|Any CPU = Debug|Any CPU
		Release|Any CPU = Release|Any CPU
	EndGlobalSection
	GlobalSection(ProjectConfigurationPlatforms) = postSolution
		{033597EF-7DF7-4A46-8202-FF4E58C7BA96}.Debug|Any CPU.ActiveCfg = Debug|Any CPU
		{033597EF-7DF7-4A46-8202-FF4E58C7BA96}.Debug|Any CPU.Build.0 = Debug|Any CPU
		{033597EF-7DF7-4A46-8202-FF4E58C7BA96}.Release|Any CPU.ActiveCfg = Release|Any CPU
		{033597EF-7DF7-4A46-8202-FF4E58C7BA96}.Release|Any CPU.Build.0 = Release|Any CPU
		{FF8575CB-11C6-4BCA-A63D-9CCEE740A221}.Debug|Any CPU.ActiveCfg = Debug|Any CPU
		{FF8575CB-11C6-4BCA-A63D-9CCEE740A221}.Debug|Any CPU.Build.0 = Debug|Any CPU
		{FF8575CB-11C6-4BCA-A63D-9CCEE740A221}.Release|Any CPU.ActiveCfg = Release|Any CPU
		{FF8575CB-11C6-4BCA-A63D-9CCEE740A221}.Release|Any CPU.Build.0 = Release|Any CPU
		{E9A6D7E2-C743-4982-8D89-34391E6D86FA}.Debug|Any CPU.ActiveCfg = Debug|Any CPU
		{E9A6D7E2-C743-4982-8D89-34391E6D86FA}.Debug|Any CPU.Build.0 = Debug|Any CPU
		{E9A6D7E2-C743-4982-8D89-34391E6D86FA}.Release|Any CPU.ActiveCfg = Release|Any CPU
		{E9A6D7E2-C743-4982-8D89-34391E6D86FA}.Release|Any CPU.Build.0 = Release|Any CPU
	EndGlobalSection
	GlobalSection(SolutionProperties) = preSolution
		HideSolutionNode = FALSE
	EndGlobalSection
	GlobalSection(ExtensibilityGlobals) = postSolution
		SolutionGuid = {26B66C7F-6729-4B5E-A408-74AF3E34D8FA}
	EndGlobalSection
EndGlobal
